// !$*UTF8*$!
{
	archiveVersion = 1;
	classes = {
	};
	objectVersion = 56;
	objects = {

/* Begin PBXBuildFile section */
		D46E0162290A6AF1004FD6FE /* SwiftCoinApp.swift in Sources */ = {isa = PBXBuildFile; fileRef = D46E0161290A6AF1004FD6FE /* SwiftCoinApp.swift */; };
		D46E0164290A6AF1004FD6FE /* ContentView.swift in Sources */ = {isa = PBXBuildFile; fileRef = D46E0163290A6AF1004FD6FE /* ContentView.swift */; };
		D46E0166290A6AF1004FD6FE /* Assets.xcassets in Resources */ = {isa = PBXBuildFile; fileRef = D46E0165290A6AF1004FD6FE /* Assets.xcassets */; };
		D46E0169290A6AF1004FD6FE /* Preview Assets.xcassets in Resources */ = {isa = PBXBuildFile; fileRef = D46E0168290A6AF1004FD6FE /* Preview Assets.xcassets */; };
		D46E017A290A6C3E004FD6FE /* HomeView.swift in Sources */ = {isa = PBXBuildFile; fileRef = D46E0179290A6C3E004FD6FE /* HomeView.swift */; };
		D46E017C290A6DE2004FD6FE /* TopMoversView.swift in Sources */ = {isa = PBXBuildFile; fileRef = D46E017B290A6DE2004FD6FE /* TopMoversView.swift */; };
		D46E017E290A6DF8004FD6FE /* TopMoversItemView.swift in Sources */ = {isa = PBXBuildFile; fileRef = D46E017D290A6DF8004FD6FE /* TopMoversItemView.swift */; };
		D46E0180290A757E004FD6FE /* AllCoinsView.swift in Sources */ = {isa = PBXBuildFile; fileRef = D46E017F290A757E004FD6FE /* AllCoinsView.swift */; };
		D46E0182290A758D004FD6FE /* CoinRowView.swift in Sources */ = {isa = PBXBuildFile; fileRef = D46E0181290A758D004FD6FE /* CoinRowView.swift */; };
		D4D84523290A849A00B56ACF /* HomeViewModel.swift in Sources */ = {isa = PBXBuildFile; fileRef = D4D84522290A849A00B56ACF /* HomeViewModel.swift */; };
		D4D84525290A89C000B56ACF /* Coin.swift in Sources */ = {isa = PBXBuildFile; fileRef = D4D84524290A89C000B56ACF /* Coin.swift */; };
		D4D84528290AFD1300B56ACF /* Kingfisher in Frameworks */ = {isa = PBXBuildFile; productRef = D4D84527290AFD1300B56ACF /* Kingfisher */; };
		D4D8452A290AFE3000B56ACF /* Double.swift in Sources */ = {isa = PBXBuildFile; fileRef = D4D84529290AFE3000B56ACF /* Double.swift */; };
/* End PBXBuildFile section */

/* Begin PBXFileReference section */
		D46E015E290A6AF1004FD6FE /* SwiftCoin.app */ = {isa = PBXFileReference; explicitFileType = wrapper.application; includeInIndex = 0; path = SwiftCoin.app; sourceTree = BUILT_PRODUCTS_DIR; };
		D46E0161290A6AF1004FD6FE /* SwiftCoinApp.swift */ = {isa = PBXFileReference; lastKnownFileType = sourcecode.swift; path = SwiftCoinApp.swift; sourceTree = "<group>"; };
		D46E0163290A6AF1004FD6FE /* ContentView.swift */ = {isa = PBXFileReference; lastKnownFileType = sourcecode.swift; path = ContentView.swift; sourceTree = "<group>"; };
		D46E0165290A6AF1004FD6FE /* Assets.xcassets */ = {isa = PBXFileReference; lastKnownFileType = folder.assetcatalog; path = Assets.xcassets; sourceTree = "<group>"; };
		D46E0168290A6AF1004FD6FE /* Preview Assets.xcassets */ = {isa = PBXFileReference; lastKnownFileType = folder.assetcatalog; path = "Preview Assets.xcassets"; sourceTree = "<group>"; };
		D46E0179290A6C3E004FD6FE /* HomeView.swift */ = {isa = PBXFileReference; lastKnownFileType = sourcecode.swift; path = HomeView.swift; sourceTree = "<group>"; };
		D46E017B290A6DE2004FD6FE /* TopMoversView.swift */ = {isa = PBXFileReference; lastKnownFileType = sourcecode.swift; path = TopMoversView.swift; sourceTree = "<group>"; };
		D46E017D290A6DF8004FD6FE /* TopMoversItemView.swift */ = {isa = PBXFileReference; lastKnownFileType = sourcecode.swift; path = TopMoversItemView.swift; sourceTree = "<group>"; };
		D46E017F290A757E004FD6FE /* AllCoinsView.swift */ = {isa = PBXFileReference; lastKnownFileType = sourcecode.swift; path = AllCoinsView.swift; sourceTree = "<group>"; };
		D46E0181290A758D004FD6FE /* CoinRowView.swift */ = {isa = PBXFileReference; lastKnownFileType = sourcecode.swift; path = CoinRowView.swift; sourceTree = "<group>"; };
		D4D84522290A849A00B56ACF /* HomeViewModel.swift */ = {isa = PBXFileReference; lastKnownFileType = sourcecode.swift; path = HomeViewModel.swift; sourceTree = "<group>"; };
		D4D84524290A89C000B56ACF /* Coin.swift */ = {isa = PBXFileReference; lastKnownFileType = sourcecode.swift; path = Coin.swift; sourceTree = "<group>"; };
		D4D84529290AFE3000B56ACF /* Double.swift */ = {isa = PBXFileReference; lastKnownFileType = sourcecode.swift; path = Double.swift; sourceTree = "<group>"; };
/* End PBXFileReference section */

/* Begin PBXFrameworksBuildPhase section */
		D46E015B290A6AF1004FD6FE /* Frameworks */ = {
			isa = PBXFrameworksBuildPhase;
			buildActionMask = 2147483647;
			files = (
				D4D84528290AFD1300B56ACF /* Kingfisher in Frameworks */,
			);
			runOnlyForDeploymentPostprocessing = 0;
		};
/* End PBXFrameworksBuildPhase section */

/* Begin PBXGroup section */
		D46E0155290A6AF1004FD6FE = {
			isa = PBXGroup;
			children = (
				D46E0160290A6AF1004FD6FE /* SwiftCoin */,
				D46E015F290A6AF1004FD6FE /* Products */,
			);
			sourceTree = "<group>";
		};
		D46E015F290A6AF1004FD6FE /* Products */ = {
			isa = PBXGroup;
			children = (
				D46E015E290A6AF1004FD6FE /* SwiftCoin.app */,
			);
			name = Products;
			sourceTree = "<group>";
		};
		D46E0160290A6AF1004FD6FE /* SwiftCoin */ = {
			isa = PBXGroup;
			children = (
				D46E0175290A6B80004FD6FE /* Utils */,
				D46E0174290A6B7D004FD6FE /* Extensions */,
				D46E0173290A6B7A004FD6FE /* Models */,
				D46E0172290A6B76004FD6FE /* Core */,
				D46E016F290A6B64004FD6FE /* App */,
				D46E0163290A6AF1004FD6FE /* ContentView.swift */,
				D46E0165290A6AF1004FD6FE /* Assets.xcassets */,
				D46E0167290A6AF1004FD6FE /* Preview Content */,
			);
			path = SwiftCoin;
			sourceTree = "<group>";
		};
		D46E0167290A6AF1004FD6FE /* Preview Content */ = {
			isa = PBXGroup;
			children = (
				D46E0168290A6AF1004FD6FE /* Preview Assets.xcassets */,
			);
			path = "Preview Content";
			sourceTree = "<group>";
		};
		D46E016F290A6B64004FD6FE /* App */ = {
			isa = PBXGroup;
			children = (
				D46E0161290A6AF1004FD6FE /* SwiftCoinApp.swift */,
			);
			path = App;
			sourceTree = "<group>";
		};
		D46E0172290A6B76004FD6FE /* Core */ = {
			isa = PBXGroup;
			children = (
				D46E0176290A6BCA004FD6FE /* Home */,
			);
			path = Core;
			sourceTree = "<group>";
		};
		D46E0173290A6B7A004FD6FE /* Models */ = {
			isa = PBXGroup;
			children = (
				D4D84524290A89C000B56ACF /* Coin.swift */,
			);
			path = Models;
			sourceTree = "<group>";
		};
		D46E0174290A6B7D004FD6FE /* Extensions */ = {
			isa = PBXGroup;
			children = (
				D4D84529290AFE3000B56ACF /* Double.swift */,
			);
			path = Extensions;
			sourceTree = "<group>";
		};
		D46E0175290A6B80004FD6FE /* Utils */ = {
			isa = PBXGroup;
			children = (
			);
			path = Utils;
			sourceTree = "<group>";
		};
		D46E0176290A6BCA004FD6FE /* Home */ = {
			isa = PBXGroup;
			children = (
				D46E0178290A6C13004FD6FE /* ViewModels */,
				D46E0177290A6C0B004FD6FE /* Views */,
			);
			path = Home;
			sourceTree = "<group>";
		};
		D46E0177290A6C0B004FD6FE /* Views */ = {
			isa = PBXGroup;
			children = (
				D46E0179290A6C3E004FD6FE /* HomeView.swift */,
				D46E017B290A6DE2004FD6FE /* TopMoversView.swift */,
				D46E017D290A6DF8004FD6FE /* TopMoversItemView.swift */,
				D46E017F290A757E004FD6FE /* AllCoinsView.swift */,
				D46E0181290A758D004FD6FE /* CoinRowView.swift */,
			);
			path = Views;
			sourceTree = "<group>";
		};
		D46E0178290A6C13004FD6FE /* ViewModels */ = {
			isa = PBXGroup;
			children = (
				D4D84522290A849A00B56ACF /* HomeViewModel.swift */,
			);
			path = ViewModels;
			sourceTree = "<group>";
		};
/* End PBXGroup section */

/* Begin PBXNativeTarget section */
		D46E015D290A6AF1004FD6FE /* SwiftCoin */ = {
			isa = PBXNativeTarget;
			buildConfigurationList = D46E016C290A6AF1004FD6FE /* Build configuration list for PBXNativeTarget "SwiftCoin" */;
			buildPhases = (
				D46E015A290A6AF1004FD6FE /* Sources */,
				D46E015B290A6AF1004FD6FE /* Frameworks */,
				D46E015C290A6AF1004FD6FE /* Resources */,
			);
			buildRules = (
			);
			dependencies = (
			);
			name = SwiftCoin;
			packageProductDependencies = (
				D4D84527290AFD1300B56ACF /* Kingfisher */,
			);
			productName = SwiftCoin;
			productReference = D46E015E290A6AF1004FD6FE /* SwiftCoin.app */;
			productType = "com.apple.product-type.application";
		};
/* End PBXNativeTarget section */

/* Begin PBXProject section */
		D46E0156290A6AF1004FD6FE /* Project object */ = {
			isa = PBXProject;
			attributes = {
				BuildIndependentTargetsInParallel = 1;
				LastSwiftUpdateCheck = 1400;
				LastUpgradeCheck = 1400;
				TargetAttributes = {
					D46E015D290A6AF1004FD6FE = {
						CreatedOnToolsVersion = 14.0.1;
					};
				};
			};
			buildConfigurationList = D46E0159290A6AF1004FD6FE /* Build configuration list for PBXProject "SwiftCoin" */;
			compatibilityVersion = "Xcode 14.0";
			developmentRegion = en;
			hasScannedForEncodings = 0;
			knownRegions = (
				en,
				Base,
			);
			mainGroup = D46E0155290A6AF1004FD6FE;
			packageReferences = (
				D4D84526290AFD1300B56ACF /* XCRemoteSwiftPackageReference "Kingfisher" */,
			);
			productRefGroup = D46E015F290A6AF1004FD6FE /* Products */;
			projectDirPath = "";
			projectRoot = "";
			targets = (
				D46E015D290A6AF1004FD6FE /* SwiftCoin */,
			);
		};
/* End PBXProject section */

/* Begin PBXResourcesBuildPhase section */
		D46E015C290A6AF1004FD6FE /* Resources */ = {
			isa = PBXResourcesBuildPhase;
			buildActionMask = 2147483647;
			files = (
				D46E0169290A6AF1004FD6FE /* Preview Assets.xcassets in Resources */,
				D46E0166290A6AF1004FD6FE /* Assets.xcassets in Resources */,
			);
			runOnlyForDeploymentPostprocessing = 0;
		};
/* End PBXResourcesBuildPhase section */

/* Begin PBXSourcesBuildPhase section */
		D46E015A290A6AF1004FD6FE /* Sources */ = {
			isa = PBXSourcesBuildPhase;
			buildActionMask = 2147483647;
			files = (
				D4D84525290A89C000B56ACF /* Coin.swift in Sources */,
				D46E017C290A6DE2004FD6FE /* TopMoversView.swift in Sources */,
				D46E0180290A757E004FD6FE /* AllCoinsView.swift in Sources */,
				D46E017A290A6C3E004FD6FE /* HomeView.swift in Sources */,
				D4D84523290A849A00B56ACF /* HomeViewModel.swift in Sources */,
				D46E0164290A6AF1004FD6FE /* ContentView.swift in Sources */,
				D46E0162290A6AF1004FD6FE /* SwiftCoinApp.swift in Sources */,
				D46E0182290A758D004FD6FE /* CoinRowView.swift in Sources */,
				D4D8452A290AFE3000B56ACF /* Double.swift in Sources */,
				D46E017E290A6DF8004FD6FE /* TopMoversItemView.swift in Sources */,
			);
			runOnlyForDeploymentPostprocessing = 0;
		};
/* End PBXSourcesBuildPhase section */

/* Begin XCBuildConfiguration section */
		D46E016A290A6AF1004FD6FE /* Debug */ = {
			isa = XCBuildConfiguration;
			buildSettings = {
				ALWAYS_SEARCH_USER_PATHS = NO;
				CLANG_ANALYZER_NONNULL = YES;
				CLANG_ANALYZER_NUMBER_OBJECT_CONVERSION = YES_AGGRESSIVE;
				CLANG_CXX_LANGUAGE_STANDARD = "gnu++20";
				CLANG_ENABLE_MODULES = YES;
				CLANG_ENABLE_OBJC_ARC = YES;
				CLANG_ENABLE_OBJC_WEAK = YES;
				CLANG_WARN_BLOCK_CAPTURE_AUTORELEASING = YES;
				CLANG_WARN_BOOL_CONVERSION = YES;
				CLANG_WARN_COMMA = YES;
				CLANG_WARN_CONSTANT_CONVERSION = YES;
				CLANG_WARN_DEPRECATED_OBJC_IMPLEMENTATIONS = YES;
				CLANG_WARN_DIRECT_OBJC_ISA_USAGE = YES_ERROR;
				CLANG_WARN_DOCUMENTATION_COMMENTS = YES;
				CLANG_WARN_EMPTY_BODY = YES;
				CLANG_WARN_ENUM_CONVERSION = YES;
				CLANG_WARN_INFINITE_RECURSION = YES;
				CLANG_WARN_INT_CONVERSION = YES;
				CLANG_WARN_NON_LITERAL_NULL_CONVERSION = YES;
				CLANG_WARN_OBJC_IMPLICIT_RETAIN_SELF = YES;
				CLANG_WARN_OBJC_LITERAL_CONVERSION = YES;
				CLANG_WARN_OBJC_ROOT_CLASS = YES_ERROR;
				CLANG_WARN_QUOTED_INCLUDE_IN_FRAMEWORK_HEADER = YES;
				CLANG_WARN_RANGE_LOOP_ANALYSIS = YES;
				CLANG_WARN_STRICT_PROTOTYPES = YES;
				CLANG_WARN_SUSPICIOUS_MOVE = YES;
				CLANG_WARN_UNGUARDED_AVAILABILITY = YES_AGGRESSIVE;
				CLANG_WARN_UNREACHABLE_CODE = YES;
				CLANG_WARN__DUPLICATE_METHOD_MATCH = YES;
				COPY_PHASE_STRIP = NO;
				DEBUG_INFORMATION_FORMAT = dwarf;
				ENABLE_STRICT_OBJC_MSGSEND = YES;
				ENABLE_TESTABILITY = YES;
				GCC_C_LANGUAGE_STANDARD = gnu11;
				GCC_DYNAMIC_NO_PIC = NO;
				GCC_NO_COMMON_BLOCKS = YES;
				GCC_OPTIMIZATION_LEVEL = 0;
				GCC_PREPROCESSOR_DEFINITIONS = (
					"DEBUG=1",
					"$(inherited)",
				);
				GCC_WARN_64_TO_32_BIT_CONVERSION = YES;
				GCC_WARN_ABOUT_RETURN_TYPE = YES_ERROR;
				GCC_WARN_UNDECLARED_SELECTOR = YES;
				GCC_WARN_UNINITIALIZED_AUTOS = YES_AGGRESSIVE;
				GCC_WARN_UNUSED_FUNCTION = YES;
				GCC_WARN_UNUSED_VARIABLE = YES;
				IPHONEOS_DEPLOYMENT_TARGET = 16.0;
				MTL_ENABLE_DEBUG_INFO = INCLUDE_SOURCE;
				MTL_FAST_MATH = YES;
				ONLY_ACTIVE_ARCH = YES;
				SDKROOT = iphoneos;
				SWIFT_ACTIVE_COMPILATION_CONDITIONS = DEBUG;
				SWIFT_OPTIMIZATION_LEVEL = "-Onone";
			};
			name = Debug;
		};
		D46E016B290A6AF1004FD6FE /* Release */ = {
			isa = XCBuildConfiguration;
			buildSettings = {
				ALWAYS_SEARCH_USER_PATHS = NO;
				CLANG_ANALYZER_NONNULL = YES;
				CLANG_ANALYZER_NUMBER_OBJECT_CONVERSION = YES_AGGRESSIVE;
				CLANG_CXX_LANGUAGE_STANDARD = "gnu++20";
				CLANG_ENABLE_MODULES = YES;
				CLANG_ENABLE_OBJC_ARC = YES;
				CLANG_ENABLE_OBJC_WEAK = YES;
				CLANG_WARN_BLOCK_CAPTURE_AUTORELEASING = YES;
				CLANG_WARN_BOOL_CONVERSION = YES;
				CLANG_WARN_COMMA = YES;
				CLANG_WARN_CONSTANT_CONVERSION = YES;
				CLANG_WARN_DEPRECATED_OBJC_IMPLEMENTATIONS = YES;
				CLANG_WARN_DIRECT_OBJC_ISA_USAGE = YES_ERROR;
				CLANG_WARN_DOCUMENTATION_COMMENTS = YES;
				CLANG_WARN_EMPTY_BODY = YES;
				CLANG_WARN_ENUM_CONVERSION = YES;
				CLANG_WARN_INFINITE_RECURSION = YES;
				CLANG_WARN_INT_CONVERSION = YES;
				CLANG_WARN_NON_LITERAL_NULL_CONVERSION = YES;
				CLANG_WARN_OBJC_IMPLICIT_RETAIN_SELF = YES;
				CLANG_WARN_OBJC_LITERAL_CONVERSION = YES;
				CLANG_WARN_OBJC_ROOT_CLASS = YES_ERROR;
				CLANG_WARN_QUOTED_INCLUDE_IN_FRAMEWORK_HEADER = YES;
				CLANG_WARN_RANGE_LOOP_ANALYSIS = YES;
				CLANG_WARN_STRICT_PROTOTYPES = YES;
				CLANG_WARN_SUSPICIOUS_MOVE = YES;
				CLANG_WARN_UNGUARDED_AVAILABILITY = YES_AGGRESSIVE;
				CLANG_WARN_UNREACHABLE_CODE = YES;
				CLANG_WARN__DUPLICATE_METHOD_MATCH = YES;
				COPY_PHASE_STRIP = NO;
				DEBUG_INFORMATION_FORMAT = "dwarf-with-dsym";
				ENABLE_NS_ASSERTIONS = NO;
				ENABLE_STRICT_OBJC_MSGSEND = YES;
				GCC_C_LANGUAGE_STANDARD = gnu11;
				GCC_NO_COMMON_BLOCKS = YES;
				GCC_WARN_64_TO_32_BIT_CONVERSION = YES;
				GCC_WARN_ABOUT_RETURN_TYPE = YES_ERROR;
				GCC_WARN_UNDECLARED_SELECTOR = YES;
				GCC_WARN_UNINITIALIZED_AUTOS = YES_AGGRESSIVE;
				GCC_WARN_UNUSED_FUNCTION = YES;
				GCC_WARN_UNUSED_VARIABLE = YES;
				IPHONEOS_DEPLOYMENT_TARGET = 16.0;
				MTL_ENABLE_DEBUG_INFO = NO;
				MTL_FAST_MATH = YES;
				SDKROOT = iphoneos;
				SWIFT_COMPILATION_MODE = wholemodule;
				SWIFT_OPTIMIZATION_LEVEL = "-O";
				VALIDATE_PRODUCT = YES;
			};
			name = Release;
		};
		D46E016D290A6AF1004FD6FE /* Debug */ = {
			isa = XCBuildConfiguration;
			buildSettings = {
				ASSETCATALOG_COMPILER_APPICON_NAME = AppIcon;
				ASSETCATALOG_COMPILER_GLOBAL_ACCENT_COLOR_NAME = AccentColor;
				CODE_SIGN_STYLE = Automatic;
				CURRENT_PROJECT_VERSION = 1;
				DEVELOPMENT_ASSET_PATHS = "\"SwiftCoin/Preview Content\"";
				DEVELOPMENT_TEAM = CDKYPG5ZAQ;
				ENABLE_PREVIEWS = YES;
				GENERATE_INFOPLIST_FILE = YES;
				INFOPLIST_KEY_UIApplicationSceneManifest_Generation = YES;
				INFOPLIST_KEY_UIApplicationSupportsIndirectInputEvents = YES;
				INFOPLIST_KEY_UILaunchScreen_Generation = YES;
				INFOPLIST_KEY_UISupportedInterfaceOrientations_iPad = "UIInterfaceOrientationPortrait UIInterfaceOrientationPortraitUpsideDown UIInterfaceOrientationLandscapeLeft UIInterfaceOrientationLandscapeRight";
				INFOPLIST_KEY_UISupportedInterfaceOrientations_iPhone = "UIInterfaceOrientationPortrait UIInterfaceOrientationLandscapeLeft UIInterfaceOrientationLandscapeRight";
				LD_RUNPATH_SEARCH_PATHS = (
					"$(inherited)",
					"@executable_path/Frameworks",
				);
				MARKETING_VERSION = 1.0;
				PRODUCT_BUNDLE_IDENTIFIER = com.appCore.SwiftCoin;
				PRODUCT_NAME = "$(TARGET_NAME)";
				SWIFT_EMIT_LOC_STRINGS = YES;
				SWIFT_VERSION = 5.0;
				TARGETED_DEVICE_FAMILY = "1,2";
			};
			name = Debug;
		};
		D46E016E290A6AF1004FD6FE /* Release */ = {
			isa = XCBuildConfiguration;
			buildSettings = {
				ASSETCATALOG_COMPILER_APPICON_NAME = AppIcon;
				ASSETCATALOG_COMPILER_GLOBAL_ACCENT_COLOR_NAME = AccentColor;
				CODE_SIGN_STYLE = Automatic;
				CURRENT_PROJECT_VERSION = 1;
				DEVELOPMENT_ASSET_PATHS = "\"SwiftCoin/Preview Content\"";
				DEVELOPMENT_TEAM = CDKYPG5ZAQ;
				ENABLE_PREVIEWS = YES;
				GENERATE_INFOPLIST_FILE = YES;
				INFOPLIST_KEY_UIApplicationSceneManifest_Generation = YES;
				INFOPLIST_KEY_UIApplicationSupportsIndirectInputEvents = YES;
				INFOPLIST_KEY_UILaunchScreen_Generation = YES;
				INFOPLIST_KEY_UISupportedInterfaceOrientations_iPad = "UIInterfaceOrientationPortrait UIInterfaceOrientationPortraitUpsideDown UIInterfaceOrientationLandscapeLeft UIInterfaceOrientationLandscapeRight";
				INFOPLIST_KEY_UISupportedInterfaceOrientations_iPhone = "UIInterfaceOrientationPortrait UIInterfaceOrientationLandscapeLeft UIInterfaceOrientationLandscapeRight";
				LD_RUNPATH_SEARCH_PATHS = (
					"$(inherited)",
					"@executable_path/Frameworks",
				);
				MARKETING_VERSION = 1.0;
				PRODUCT_BUNDLE_IDENTIFIER = com.appCore.SwiftCoin;
				PRODUCT_NAME = "$(TARGET_NAME)";
				SWIFT_EMIT_LOC_STRINGS = YES;
				SWIFT_VERSION = 5.0;
				TARGETED_DEVICE_FAMILY = "1,2";
			};
			name = Release;
		};
/* End XCBuildConfiguration section */

/* Begin XCConfigurationList section */
		D46E0159290A6AF1004FD6FE /* Build configuration list for PBXProject "SwiftCoin" */ = {
			isa = XCConfigurationList;
			buildConfigurations = (
				D46E016A290A6AF1004FD6FE /* Debug */,
				D46E016B290A6AF1004FD6FE /* Release */,
			);
			defaultConfigurationIsVisible = 0;
			defaultConfigurationName = Release;
		};
		D46E016C290A6AF1004FD6FE /* Build configuration list for PBXNativeTarget "SwiftCoin" */ = {
			isa = XCConfigurationList;
			buildConfigurations = (
				D46E016D290A6AF1004FD6FE /* Debug */,
				D46E016E290A6AF1004FD6FE /* Release */,
			);
			defaultConfigurationIsVisible = 0;
			defaultConfigurationName = Release;
		};
/* End XCConfigurationList section */

/* Begin XCRemoteSwiftPackageReference section */
		D4D84526290AFD1300B56ACF /* XCRemoteSwiftPackageReference "Kingfisher" */ = {
			isa = XCRemoteSwiftPackageReference;
			repositoryURL = "https://github.com/onevcat/Kingfisher.git";
			requirement = {
				branch = master;
				kind = branch;
			};
		};
/* End XCRemoteSwiftPackageReference section */

/* Begin XCSwiftPackageProductDependency section */
		D4D84527290AFD1300B56ACF /* Kingfisher */ = {
			isa = XCSwiftPackageProductDependency;
			package = D4D84526290AFD1300B56ACF /* XCRemoteSwiftPackageReference "Kingfisher" */;
			productName = Kingfisher;
		};
/* End XCSwiftPackageProductDependency section */
	};
	rootObject = D46E0156290A6AF1004FD6FE /* Project object */;
}
